{
  "originHash" : "9a7ef3881373a678b508e97a2073967b6309a4a91a64244b722cc81c562c871a",
  "pins" : [
    {
      "identity" : "swift-pokedex-abilities",
      "kind" : "remoteSourceControl",
      "location" : "https://github.com/elmetal/swift-pokedex-abilities",
      "state" : {
        "revision" : "03ac74ea74de7a4334e92ab08b3fc9c0c1563ee5",
        "version" : "0.0.4"
      }
    },
    {
      "identity" : "swift-pokedex-species",
      "kind" : "remoteSourceControl",
      "location" : "https://github.com/elmetal/swift-pokedex-species",
      "state" : {
        "revision" : "0d357a0a163e1262801ad7d99a7af8d746f38a9e",
        "version" : "0.0.1"
      }
    },
    {
      "identity" : "swift-pokemon-types",
      "kind" : "remoteSourceControl",
      "location" : "https://github.com/elmetal/swift-pokemon-types",
      "state" : {
        "revision" : "59fed16f4bc75fa97437084750be46b302a7e2ea",
        "version" : "0.0.3"
      }
    }
  ],
  "version" : 3
}
