{
  "originHash" : "fdb24d1f3cea1ff50fbfc6bb3337151f8bc6e4de8d1fd11a8949ff67f5a8bc5d",
  "pins" : [
    {
      "identity" : "swift-pokedex-abilities",
      "kind" : "remoteSourceControl",
      "location" : "https://github.com/elmetal/swift-pokedex-abilities",
      "state" : {
        "revision" : "ddc04befe71a6ba498a2ca7df547a459c5e00fff",
        "version" : "0.0.1"
      }
    },
    {
      "identity" : "swift-pokedex-species",
      "kind" : "remoteSourceControl",
      "location" : "https://github.com/elmetal/swift-pokedex-species",
      "state" : {
        "revision" : "0d357a0a163e1262801ad7d99a7af8d746f38a9e",
        "version" : "0.0.1"
      }
    },
    {
      "identity" : "swift-pokemon-types",
      "kind" : "remoteSourceControl",
      "location" : "https://github.com/elmetal/swift-pokemon-types",
      "state" : {
        "revision" : "59fed16f4bc75fa97437084750be46b302a7e2ea",
        "version" : "0.0.3"
      }
    }
  ],
  "version" : 3
}
